
Microsoft Visual Studio Solution File, Format Version 12.00
# Visual Studio Version 16
VisualStudioVersion = 16.0.30717.126
MinimumVisualStudioVersion = 10.0.40219.1
Project("{E24C65DC-7377-472B-9ABA-BC803B73C61A}") = "FE-PracticaProyecto1", "FE-PracticaProyecto1\", "{C27C98A5-F788-40F6-BBA5-EC9D4D057526}"
	ProjectSection(WebsiteProperties) = preProject
		TargetFrameworkMoniker = ".NETFramework,Version%3Dv4.7.2"
		Debug.AspNetCompiler.VirtualPath = "/localhost_64828"
		Debug.AspNetCompiler.PhysicalPath = "FE-PracticaProyecto1\"
		Debug.AspNetCompiler.TargetPath = "PrecompiledWeb\localhost_64828\"
		Debug.AspNetCompiler.Updateable = "true"
		Debug.AspNetCompiler.ForceOverwrite = "true"
		Debug.AspNetCompiler.FixedNames = "false"
		Debug.AspNetCompiler.Debug = "True"
		Release.AspNetCompiler.VirtualPath = "/localhost_64828"
		Release.AspNetCompiler.PhysicalPath = "FE-PracticaProyecto1\"
		Release.AspNetCompiler.TargetPath = "PrecompiledWeb\localhost_64828\"
		Release.AspNetCompiler.Updateable = "true"
		Release.AspNetCompiler.ForceOverwrite = "true"
		Release.AspNetCompiler.FixedNames = "false"
		Release.AspNetCompiler.Debug = "False"
		VWDPort = "64828"
		SlnRelativePath = "FE-PracticaProyecto1\"
		DefaultWebSiteLanguage = "Visual C#"
	EndProjectSection
EndProject
Global
	GlobalSection(SolutionConfigurationPlatforms) = preSolution
		Debug|Any CPU = Debug|Any CPU
	EndGlobalSection
	GlobalSection(ProjectConfigurationPlatforms) = postSolution
		{C27C98A5-F788-40F6-BBA5-EC9D4D057526}.Debug|Any CPU.ActiveCfg = Debug|Any CPU
		{C27C98A5-F788-40F6-BBA5-EC9D4D057526}.Debug|Any CPU.Build.0 = Debug|Any CPU
	EndGlobalSection
	GlobalSection(SolutionProperties) = preSolution
		HideSolutionNode = FALSE
	EndGlobalSection
	GlobalSection(ExtensibilityGlobals) = postSolution
		SolutionGuid = {40A20F6F-BC9B-4C91-9A5F-AB2EDE8E8D7B}
	EndGlobalSection
EndGlobal
